
Microsoft Visual Studio Solution File, Format Version 12.00
# Visual Studio Version 17
VisualStudioVersion = 17.7.34024.191
MinimumVisualStudioVersion = 10.0.40219.1
Project("{FAE04EC0-301F-11D3-BF4B-00C04F79EFBC}") = "NumbersGame", "NumbersGame.csproj", "{7F354C38-206C-4EA0-9A09-5CA41020374B}"
EndProject
Global
	GlobalSection(SolutionConfigurationPlatforms) = preSolution
		Debug|Any CPU = Debug|Any CPU
		Release|Any CPU = Release|Any CPU
	EndGlobalSection
	GlobalSection(ProjectConfigurationPlatforms) = postSolution
		{7F354C38-206C-4EA0-9A09-5CA41020374B}.Debug|Any CPU.ActiveCfg = Debug|Any CPU
		{7F354C38-206C-4EA0-9A09-5CA41020374B}.Debug|Any CPU.Build.0 = Debug|Any CPU
		{7F354C38-206C-4EA0-9A09-5CA41020374B}.Release|Any CPU.ActiveCfg = Release|Any CPU
		{7F354C38-206C-4EA0-9A09-5CA41020374B}.Release|Any CPU.Build.0 = Release|Any CPU
	EndGlobalSection
	GlobalSection(SolutionProperties) = preSolution
		HideSolutionNode = FALSE
	EndGlobalSection
	GlobalSection(ExtensibilityGlobals) = postSolution
		SolutionGuid = {FB725E30-10D7-4F41-A60B-B436340E5A9C}
	EndGlobalSection
EndGlobal
